{
    "version": 3,
    "terraform_version": "0.11.8",
    "serial": 21,
    "lineage": "991b5ead-8e3f-7ed8-813b-7dbd480c026f",
    "modules": [
        {
            "path": [
                "root"
            ],
            "outputs": {},
            "resources": {},
            "depends_on": []
        },
        {
            "path": [
                "root",
                "instance"
            ],
            "outputs": {},
            "resources": {
                "aws_instance.backend": {
                    "type": "aws_instance",
                    "depends_on": [],
                    "primary": {
                        "id": "i-0b94cbdb8f7f96b2c",
                        "attributes": {
                            "ami": "ami-0f65671a86f061fcd",
                            "arn": "arn:aws:ec2:us-east-2:248119176842:instance/i-0b94cbdb8f7f96b2c",
                            "associate_public_ip_address": "false",
                            "availability_zone": "us-east-2a",
                            "cpu_core_count": "1",
                            "cpu_threads_per_core": "1",
                            "credit_specification.#": "1",
                            "credit_specification.0.cpu_credits": "standard",
                            "disable_api_termination": "false",
                            "ebs_block_device.#": "0",
                            "ebs_optimized": "false",
                            "ephemeral_block_device.#": "0",
                            "get_password_data": "false",
                            "iam_instance_profile": "",
                            "id": "i-0b94cbdb8f7f96b2c",
                            "instance_state": "running",
                            "instance_type": "t2.micro",
                            "ipv6_addresses.#": "0",
                            "key_name": "aws-key",
                            "monitoring": "false",
                            "network_interface.#": "0",
                            "network_interface_id": "eni-09ed41ff5912fda53",
                            "password_data": "",
                            "placement_group": "",
                            "primary_network_interface_id": "eni-09ed41ff5912fda53",
                            "private_dns": "ip-10-0-1-48.us-east-2.compute.internal",
                            "private_ip": "10.0.1.48",
                            "public_dns": "",
                            "public_ip": "",
                            "root_block_device.#": "1",
                            "root_block_device.0.delete_on_termination": "true",
                            "root_block_device.0.iops": "100",
                            "root_block_device.0.volume_id": "vol-0cd9cac1749779dce",
                            "root_block_device.0.volume_size": "8",
                            "root_block_device.0.volume_type": "gp2",
                            "security_groups.#": "0",
                            "source_dest_check": "true",
                            "subnet_id": "subnet-0bcf0582100cd8770",
                            "tags.%": "2",
                            "tags.Name": "emils-network-backend",
                            "tags.Project": "emils-network",
                            "tenancy": "default",
                            "volume_tags.%": "0",
                            "vpc_security_group_ids.#": "1",
                            "vpc_security_group_ids.2641873907": "sg-02d341febd7cedb4a"
                        },
                        "meta": {
                            "e2bfb730-ecaa-11e6-8f88-34363bc7c4c0": {
                                "create": 600000000000,
                                "delete": 1200000000000,
                                "update": 600000000000
                            },
                            "schema_version": "1"
                        },
                        "tainted": false
                    },
                    "deposed": [],
                    "provider": "provider.aws"
                },
                "aws_instance.frontend": {
                    "type": "aws_instance",
                    "depends_on": [],
                    "primary": {
                        "id": "i-0fdac735572d2d120",
                        "attributes": {
                            "ami": "ami-0f65671a86f061fcd",
                            "arn": "arn:aws:ec2:us-east-2:248119176842:instance/i-0fdac735572d2d120",
                            "associate_public_ip_address": "true",
                            "availability_zone": "us-east-2a",
                            "cpu_core_count": "1",
                            "cpu_threads_per_core": "1",
                            "credit_specification.#": "1",
                            "credit_specification.0.cpu_credits": "standard",
                            "disable_api_termination": "false",
                            "ebs_block_device.#": "0",
                            "ebs_optimized": "false",
                            "ephemeral_block_device.#": "0",
                            "get_password_data": "false",
                            "iam_instance_profile": "",
                            "id": "i-0fdac735572d2d120",
                            "instance_state": "running",
                            "instance_type": "t2.micro",
                            "ipv6_addresses.#": "0",
                            "key_name": "aws-key",
                            "monitoring": "false",
                            "network_interface.#": "0",
                            "network_interface_id": "eni-0927887a35ba9ef91",
                            "password_data": "",
                            "placement_group": "",
                            "primary_network_interface_id": "eni-0927887a35ba9ef91",
                            "private_dns": "ip-10-0-2-38.us-east-2.compute.internal",
                            "private_ip": "10.0.2.38",
                            "public_dns": "ec2-18-191-113-54.us-east-2.compute.amazonaws.com",
                            "public_ip": "18.191.113.54",
                            "root_block_device.#": "1",
                            "root_block_device.0.delete_on_termination": "true",
                            "root_block_device.0.iops": "100",
                            "root_block_device.0.volume_id": "vol-0bf4c55e65afcbec5",
                            "root_block_device.0.volume_size": "8",
                            "root_block_device.0.volume_type": "gp2",
                            "security_groups.#": "0",
                            "source_dest_check": "true",
                            "subnet_id": "subnet-0536468aa75e40a4a",
                            "tags.%": "2",
                            "tags.Name": "emils-network-frontend",
                            "tags.Project": "emils-network",
                            "tenancy": "default",
                            "volume_tags.%": "0",
                            "vpc_security_group_ids.#": "1",
                            "vpc_security_group_ids.2348339682": "sg-0c07bc1ec3463daa8"
                        },
                        "meta": {
                            "e2bfb730-ecaa-11e6-8f88-34363bc7c4c0": {
                                "create": 600000000000,
                                "delete": 1200000000000,
                                "update": 600000000000
                            },
                            "schema_version": "1"
                        },
                        "tainted": false
                    },
                    "deposed": [],
                    "provider": "provider.aws"
                }
            },
            "depends_on": []
        },
        {
            "path": [
                "root",
                "network"
            ],
            "outputs": {
                "key_name": {
                    "sensitive": false,
                    "type": "string",
                    "value": "aws-key"
                },
                "private_sg": {
                    "sensitive": false,
                    "type": "string",
                    "value": "sg-02d341febd7cedb4a"
                },
                "private_sn_id": {
                    "sensitive": false,
                    "type": "string",
                    "value": "subnet-0bcf0582100cd8770"
                },
                "public_sg": {
                    "sensitive": false,
                    "type": "string",
                    "value": "sg-0c07bc1ec3463daa8"
                },
                "public_sn_id": {
                    "sensitive": false,
                    "type": "string",
                    "value": "subnet-0536468aa75e40a4a"
                },
                "vpc_id": {
                    "sensitive": false,
                    "type": "string",
                    "value": "vpc-053cc3921e63953da"
                }
            },
            "resources": {
                "aws_internet_gateway.igw": {
                    "type": "aws_internet_gateway",
                    "depends_on": [
                        "aws_vpc.vpc"
                    ],
                    "primary": {
                        "id": "igw-0fbaa806012d242fa",
                        "attributes": {
                            "id": "igw-0fbaa806012d242fa",
                            "owner_id": "248119176842",
                            "tags.%": "2",
                            "tags.Name": "emils-network-igw",
                            "tags.Project": "emils-network",
                            "vpc_id": "vpc-053cc3921e63953da"
                        },
                        "meta": {},
                        "tainted": false
                    },
                    "deposed": [],
                    "provider": "provider.aws"
                },
                "aws_key_pair.default_key_pair": {
                    "type": "aws_key_pair",
                    "depends_on": [],
                    "primary": {
                        "id": "aws-key",
                        "attributes": {
                            "fingerprint": "81:4b:ee:23:64:6b:74:87:0e:7c:cf:4c:fa:e4:56:b7",
                            "id": "aws-key",
                            "key_name": "aws-key",
                            "public_key": "ssh-rsa AAAAB3NzaC1yc2EAAAADAQABAAABAQDhwS+bqPOE+teJzdbLJDggxuU3rh8z7Kzt7pZ1uvv7+k35ewTDasZwR41VDX13ixW9hze0I+ajs1ZGx5bz8wFikLCTySdo21J864WhlfGE4/nrYTHgEWemi9sX9R5zcwuFMvCsIbZpipAtyJpuJKzOqm8BPSjUPydy6BiZezClVdOxwbKLGOaJHBGOzA7wah3U8nhOzq+4aGAIR74qcOUQEcR0dTgYlMYk0M16auJO/ZLJ7JQp7x0UncpU5rvXPT026lBW6QVSooGRfG0x2tx0L7sn5pKHKMgYDVmawTPwcNV3Ca5Gbttx1fzwXQiQu1HVGdqQx4NOBqfyrYu90eR5 emil@emil-XPS-13-9370"
                        },
                        "meta": {
                            "schema_version": "1"
                        },
                        "tainted": false
                    },
                    "deposed": [],
                    "provider": "provider.aws"
                },
                "aws_route_table.public_rt": {
                    "type": "aws_route_table",
                    "depends_on": [
                        "aws_internet_gateway.igw",
                        "aws_vpc.vpc"
                    ],
                    "primary": {
                        "id": "rtb-0aadede9ed2c540e7",
                        "attributes": {
                            "id": "rtb-0aadede9ed2c540e7",
                            "owner_id": "248119176842",
                            "propagating_vgws.#": "0",
                            "route.#": "1",
                            "route.4082299140.cidr_block": "0.0.0.0/0",
                            "route.4082299140.egress_only_gateway_id": "",
                            "route.4082299140.gateway_id": "igw-0fbaa806012d242fa",
                            "route.4082299140.instance_id": "",
                            "route.4082299140.ipv6_cidr_block": "",
                            "route.4082299140.nat_gateway_id": "",
                            "route.4082299140.network_interface_id": "",
                            "route.4082299140.transit_gateway_id": "",
                            "route.4082299140.vpc_peering_connection_id": "",
                            "tags.%": "2",
                            "tags.Name": "emils-network-public-rt",
                            "tags.Project": "emils-network",
                            "vpc_id": "vpc-053cc3921e63953da"
                        },
                        "meta": {},
                        "tainted": false
                    },
                    "deposed": [],
                    "provider": "provider.aws"
                },
                "aws_route_table_association.public_rta": {
                    "type": "aws_route_table_association",
                    "depends_on": [
                        "aws_route_table.public_rt",
                        "aws_subnet.public_sn"
                    ],
                    "primary": {
                        "id": "rtbassoc-0a7c4cba4b399ed09",
                        "attributes": {
                            "id": "rtbassoc-0a7c4cba4b399ed09",
                            "route_table_id": "rtb-0aadede9ed2c540e7",
                            "subnet_id": "subnet-0536468aa75e40a4a"
                        },
                        "meta": {},
                        "tainted": false
                    },
                    "deposed": [],
                    "provider": "provider.aws"
                },
                "aws_security_group.private_sg": {
                    "type": "aws_security_group",
                    "depends_on": [
                        "aws_subnet.public_sn",
                        "aws_vpc.vpc"
                    ],
                    "primary": {
                        "id": "sg-02d341febd7cedb4a",
                        "attributes": {
                            "arn": "arn:aws:ec2:us-east-2:248119176842:security-group/sg-02d341febd7cedb4a",
                            "description": "Managed by Terraform",
                            "egress.#": "0",
                            "id": "sg-02d341febd7cedb4a",
                            "ingress.#": "5",
                            "ingress.149971414.cidr_blocks.#": "1",
                            "ingress.149971414.cidr_blocks.0": "10.0.2.0/24",
                            "ingress.149971414.description": "",
                            "ingress.149971414.from_port": "3306",
                            "ingress.149971414.ipv6_cidr_blocks.#": "0",
                            "ingress.149971414.prefix_list_ids.#": "0",
                            "ingress.149971414.protocol": "TCP",
                            "ingress.149971414.security_groups.#": "0",
                            "ingress.149971414.self": "false",
                            "ingress.149971414.to_port": "3306",
                            "ingress.2422839192.cidr_blocks.#": "1",
                            "ingress.2422839192.cidr_blocks.0": "10.0.2.0/24",
                            "ingress.2422839192.description": "",
                            "ingress.2422839192.from_port": "22",
                            "ingress.2422839192.ipv6_cidr_blocks.#": "0",
                            "ingress.2422839192.prefix_list_ids.#": "0",
                            "ingress.2422839192.protocol": "TCP",
                            "ingress.2422839192.security_groups.#": "0",
                            "ingress.2422839192.self": "false",
                            "ingress.2422839192.to_port": "22",
                            "ingress.2818668928.cidr_blocks.#": "1",
                            "ingress.2818668928.cidr_blocks.0": "10.0.2.0/24",
                            "ingress.2818668928.description": "",
                            "ingress.2818668928.from_port": "-1",
                            "ingress.2818668928.ipv6_cidr_blocks.#": "0",
                            "ingress.2818668928.prefix_list_ids.#": "0",
                            "ingress.2818668928.protocol": "icmp",
                            "ingress.2818668928.security_groups.#": "0",
                            "ingress.2818668928.self": "false",
                            "ingress.2818668928.to_port": "-1",
                            "ingress.3403873003.cidr_blocks.#": "1",
                            "ingress.3403873003.cidr_blocks.0": "10.0.2.0/24",
                            "ingress.3403873003.description": "",
                            "ingress.3403873003.from_port": "443",
                            "ingress.3403873003.ipv6_cidr_blocks.#": "0",
                            "ingress.3403873003.prefix_list_ids.#": "0",
                            "ingress.3403873003.protocol": "TCP",
                            "ingress.3403873003.security_groups.#": "0",
                            "ingress.3403873003.self": "false",
                            "ingress.3403873003.to_port": "443",
                            "ingress.652462637.cidr_blocks.#": "1",
                            "ingress.652462637.cidr_blocks.0": "10.0.2.0/24",
                            "ingress.652462637.description": "",
                            "ingress.652462637.from_port": "80",
                            "ingress.652462637.ipv6_cidr_blocks.#": "0",
                            "ingress.652462637.prefix_list_ids.#": "0",
                            "ingress.652462637.protocol": "TCP",
                            "ingress.652462637.security_groups.#": "0",
                            "ingress.652462637.self": "false",
                            "ingress.652462637.to_port": "80",
                            "name": "emils-network-private-sg",
                            "owner_id": "248119176842",
                            "revoke_rules_on_delete": "false",
                            "tags.%": "2",
                            "tags.Name": "emils-network-private-sg",
                            "tags.Project": "emils-network",
                            "vpc_id": "vpc-053cc3921e63953da"
                        },
                        "meta": {
                            "e2bfb730-ecaa-11e6-8f88-34363bc7c4c0": {
                                "create": 600000000000,
                                "delete": 600000000000
                            },
                            "schema_version": "1"
                        },
                        "tainted": false
                    },
                    "deposed": [],
                    "provider": "provider.aws"
                },
                "aws_security_group.public_sg": {
                    "type": "aws_security_group",
                    "depends_on": [
                        "aws_subnet.private_sn",
                        "aws_vpc.vpc"
                    ],
                    "primary": {
                        "id": "sg-0c07bc1ec3463daa8",
                        "attributes": {
                            "arn": "arn:aws:ec2:us-east-2:248119176842:security-group/sg-0c07bc1ec3463daa8",
                            "description": "Managed by Terraform",
                            "egress.#": "1",
                            "egress.3805951939.cidr_blocks.#": "1",
                            "egress.3805951939.cidr_blocks.0": "10.0.1.0/24",
                            "egress.3805951939.description": "",
                            "egress.3805951939.from_port": "0",
                            "egress.3805951939.ipv6_cidr_blocks.#": "0",
                            "egress.3805951939.prefix_list_ids.#": "0",
                            "egress.3805951939.protocol": "-1",
                            "egress.3805951939.security_groups.#": "0",
                            "egress.3805951939.self": "false",
                            "egress.3805951939.to_port": "0",
                            "id": "sg-0c07bc1ec3463daa8",
                            "ingress.#": "2",
                            "ingress.2214680975.cidr_blocks.#": "1",
                            "ingress.2214680975.cidr_blocks.0": "0.0.0.0/0",
                            "ingress.2214680975.description": "",
                            "ingress.2214680975.from_port": "80",
                            "ingress.2214680975.ipv6_cidr_blocks.#": "0",
                            "ingress.2214680975.prefix_list_ids.#": "0",
                            "ingress.2214680975.protocol": "TCP",
                            "ingress.2214680975.security_groups.#": "0",
                            "ingress.2214680975.self": "false",
                            "ingress.2214680975.to_port": "80",
                            "ingress.2541437006.cidr_blocks.#": "1",
                            "ingress.2541437006.cidr_blocks.0": "0.0.0.0/0",
                            "ingress.2541437006.description": "",
                            "ingress.2541437006.from_port": "22",
                            "ingress.2541437006.ipv6_cidr_blocks.#": "0",
                            "ingress.2541437006.prefix_list_ids.#": "0",
                            "ingress.2541437006.protocol": "TCP",
                            "ingress.2541437006.security_groups.#": "0",
                            "ingress.2541437006.self": "false",
                            "ingress.2541437006.to_port": "22",
                            "name": "emils-network-public-sg",
                            "owner_id": "248119176842",
                            "revoke_rules_on_delete": "false",
                            "tags.%": "2",
                            "tags.Name": "emils-network-public-sg",
                            "tags.Project": "emils-network",
                            "vpc_id": "vpc-053cc3921e63953da"
                        },
                        "meta": {
                            "e2bfb730-ecaa-11e6-8f88-34363bc7c4c0": {
                                "create": 600000000000,
                                "delete": 600000000000
                            },
                            "schema_version": "1"
                        },
                        "tainted": false
                    },
                    "deposed": [],
                    "provider": "provider.aws"
                },
                "aws_subnet.private_sn": {
                    "type": "aws_subnet",
                    "depends_on": [
                        "aws_vpc.vpc"
                    ],
                    "primary": {
                        "id": "subnet-0bcf0582100cd8770",
                        "attributes": {
                            "arn": "arn:aws:ec2:us-east-2:248119176842:subnet/subnet-0bcf0582100cd8770",
                            "assign_ipv6_address_on_creation": "false",
                            "availability_zone": "us-east-2a",
                            "availability_zone_id": "use2-az1",
                            "cidr_block": "10.0.1.0/24",
                            "id": "subnet-0bcf0582100cd8770",
                            "ipv6_cidr_block": "",
                            "ipv6_cidr_block_association_id": "",
                            "map_public_ip_on_launch": "false",
                            "owner_id": "248119176842",
                            "tags.%": "2",
                            "tags.Name": "emils-network-private-subnet",
                            "tags.Project": "emils-network",
                            "vpc_id": "vpc-053cc3921e63953da"
                        },
                        "meta": {
                            "e2bfb730-ecaa-11e6-8f88-34363bc7c4c0": {
                                "create": 600000000000,
                                "delete": 600000000000
                            },
                            "schema_version": "1"
                        },
                        "tainted": false
                    },
                    "deposed": [],
                    "provider": "provider.aws"
                },
                "aws_subnet.public_sn": {
                    "type": "aws_subnet",
                    "depends_on": [
                        "aws_vpc.vpc"
                    ],
                    "primary": {
                        "id": "subnet-0536468aa75e40a4a",
                        "attributes": {
                            "arn": "arn:aws:ec2:us-east-2:248119176842:subnet/subnet-0536468aa75e40a4a",
                            "assign_ipv6_address_on_creation": "false",
                            "availability_zone": "us-east-2a",
                            "availability_zone_id": "use2-az1",
                            "cidr_block": "10.0.2.0/24",
                            "id": "subnet-0536468aa75e40a4a",
                            "ipv6_cidr_block": "",
                            "ipv6_cidr_block_association_id": "",
                            "map_public_ip_on_launch": "true",
                            "owner_id": "248119176842",
                            "tags.%": "2",
                            "tags.Name": "emils-network-public-subnet",
                            "tags.Project": "emils-network",
                            "vpc_id": "vpc-053cc3921e63953da"
                        },
                        "meta": {
                            "e2bfb730-ecaa-11e6-8f88-34363bc7c4c0": {
                                "create": 600000000000,
                                "delete": 600000000000
                            },
                            "schema_version": "1"
                        },
                        "tainted": false
                    },
                    "deposed": [],
                    "provider": "provider.aws"
                },
                "aws_vpc.vpc": {
                    "type": "aws_vpc",
                    "depends_on": [],
                    "primary": {
                        "id": "vpc-053cc3921e63953da",
                        "attributes": {
                            "arn": "arn:aws:ec2:us-east-2:248119176842:vpc/vpc-053cc3921e63953da",
                            "assign_generated_ipv6_cidr_block": "false",
                            "cidr_block": "10.0.0.0/16",
                            "default_network_acl_id": "acl-04bc9c39a0f8d8fbc",
                            "default_route_table_id": "rtb-03c1bd05f8fdee0d6",
                            "default_security_group_id": "sg-028520ea78a133d32",
                            "dhcp_options_id": "dopt-11669178",
                            "enable_dns_hostnames": "true",
                            "enable_dns_support": "true",
                            "id": "vpc-053cc3921e63953da",
                            "instance_tenancy": "default",
                            "ipv6_association_id": "",
                            "ipv6_cidr_block": "",
                            "main_route_table_id": "rtb-03c1bd05f8fdee0d6",
                            "owner_id": "248119176842",
                            "tags.%": "2",
                            "tags.Name": "emils-network-vpc",
                            "tags.Project": "emils-network"
                        },
                        "meta": {
                            "schema_version": "1"
                        },
                        "tainted": false
                    },
                    "deposed": [],
                    "provider": "provider.aws"
                }
            },
            "depends_on": []
        }
    ]
}
